
Microsoft Visual Studio Solution File, Format Version 12.00
# Visual Studio 15
VisualStudioVersion = 15.0.28307.102
MinimumVisualStudioVersion = 10.0.40219.1
Project("{FAE04EC0-301F-11D3-BF4B-00C04F79EFBC}") = "XamarinSeed.Android", "XamarinSeed\XamarinSeed.Android\XamarinSeed.Android.csproj", "{24CE3C36-16B9-426D-AA0C-5961ECF8D88C}"
EndProject
Project("{FAE04EC0-301F-11D3-BF4B-00C04F79EFBC}") = "XamarinSeed.iOS", "XamarinSeed\XamarinSeed.iOS\XamarinSeed.iOS.csproj", "{9487705F-6D51-4D58-9416-73F4CFC775B2}"
EndProject
Project("{FAE04EC0-301F-11D3-BF4B-00C04F79EFBC}") = "XamarinSeed", "XamarinSeed\XamarinSeed\XamarinSeed.csproj", "{67387E40-8750-4E81-95E9-9E93292754EB}"
EndProject
Project("{2150E333-8FDC-42A3-9474-1A3956D46DE8}") = "UI", "UI", "{06C9508B-B82A-48AE-9BD9-809B4A17FE8D}"
EndProject
Project("{2150E333-8FDC-42A3-9474-1A3956D46DE8}") = "Shared", "Shared", "{2C5BFF62-64F0-457D-B691-ED6E3D674C9D}"
EndProject
Project("{2150E333-8FDC-42A3-9474-1A3956D46DE8}") = "BusinessLogic", "BusinessLogic", "{D800EE4F-2DBD-4B5F-B8CA-7E04B6E509C8}"
EndProject
Project("{FAE04EC0-301F-11D3-BF4B-00C04F79EFBC}") = "XamarinSeed.Service", "XamarinSeed.Service\XamarinSeed.Service.csproj", "{7E11D293-830E-4AED-AA09-3696887CFE93}"
EndProject
Project("{FAE04EC0-301F-11D3-BF4B-00C04F79EFBC}") = "XamarinSeed.ViewModel", "XamarinSeed.ViewModel\XamarinSeed.ViewModel.csproj", "{706487AC-99C0-4B15-B6DC-2FF94FEAA4FE}"
EndProject
Project("{FAE04EC0-301F-11D3-BF4B-00C04F79EFBC}") = "XamarinSeed.Model", "XamarinSeed.Model\XamarinSeed.Model.csproj", "{D18C6DA1-9C22-4C73-9D61-35C00D1088DC}"
EndProject
Project("{2150E333-8FDC-42A3-9474-1A3956D46DE8}") = "Core", "Core", "{0DBE3FF1-9449-4074-86A3-E68FB4F4607D}"
EndProject
Project("{FAE04EC0-301F-11D3-BF4B-00C04F79EFBC}") = "XamarinSeed.Common", "XamarinSeed.Common\XamarinSeed.Common.csproj", "{8036C9E3-71D5-481D-B9A7-89E93CD3E41F}"
EndProject
Global
	GlobalSection(SolutionConfigurationPlatforms) = preSolution
		Debug|Any CPU = Debug|Any CPU
		Debug|iPhone = Debug|iPhone
		Debug|iPhoneSimulator = Debug|iPhoneSimulator
		Release|Any CPU = Release|Any CPU
		Release|iPhone = Release|iPhone
		Release|iPhoneSimulator = Release|iPhoneSimulator
	EndGlobalSection
	GlobalSection(ProjectConfigurationPlatforms) = postSolution
		{24CE3C36-16B9-426D-AA0C-5961ECF8D88C}.Debug|Any CPU.ActiveCfg = Debug|Any CPU
		{24CE3C36-16B9-426D-AA0C-5961ECF8D88C}.Debug|Any CPU.Build.0 = Debug|Any CPU
		{24CE3C36-16B9-426D-AA0C-5961ECF8D88C}.Debug|Any CPU.Deploy.0 = Debug|Any CPU
		{24CE3C36-16B9-426D-AA0C-5961ECF8D88C}.Debug|iPhone.ActiveCfg = Debug|Any CPU
		{24CE3C36-16B9-426D-AA0C-5961ECF8D88C}.Debug|iPhone.Build.0 = Debug|Any CPU
		{24CE3C36-16B9-426D-AA0C-5961ECF8D88C}.Debug|iPhone.Deploy.0 = Debug|Any CPU
		{24CE3C36-16B9-426D-AA0C-5961ECF8D88C}.Debug|iPhoneSimulator.ActiveCfg = Debug|Any CPU
		{24CE3C36-16B9-426D-AA0C-5961ECF8D88C}.Debug|iPhoneSimulator.Build.0 = Debug|Any CPU
		{24CE3C36-16B9-426D-AA0C-5961ECF8D88C}.Debug|iPhoneSimulator.Deploy.0 = Debug|Any CPU
		{24CE3C36-16B9-426D-AA0C-5961ECF8D88C}.Release|Any CPU.ActiveCfg = Release|Any CPU
		{24CE3C36-16B9-426D-AA0C-5961ECF8D88C}.Release|Any CPU.Build.0 = Release|Any CPU
		{24CE3C36-16B9-426D-AA0C-5961ECF8D88C}.Release|Any CPU.Deploy.0 = Release|Any CPU
		{24CE3C36-16B9-426D-AA0C-5961ECF8D88C}.Release|iPhone.ActiveCfg = Release|Any CPU
		{24CE3C36-16B9-426D-AA0C-5961ECF8D88C}.Release|iPhone.Build.0 = Release|Any CPU
		{24CE3C36-16B9-426D-AA0C-5961ECF8D88C}.Release|iPhone.Deploy.0 = Release|Any CPU
		{24CE3C36-16B9-426D-AA0C-5961ECF8D88C}.Release|iPhoneSimulator.ActiveCfg = Release|Any CPU
		{24CE3C36-16B9-426D-AA0C-5961ECF8D88C}.Release|iPhoneSimulator.Build.0 = Release|Any CPU
		{24CE3C36-16B9-426D-AA0C-5961ECF8D88C}.Release|iPhoneSimulator.Deploy.0 = Release|Any CPU
		{9487705F-6D51-4D58-9416-73F4CFC775B2}.Debug|Any CPU.ActiveCfg = Debug|iPhoneSimulator
		{9487705F-6D51-4D58-9416-73F4CFC775B2}.Debug|Any CPU.Build.0 = Debug|iPhoneSimulator
		{9487705F-6D51-4D58-9416-73F4CFC775B2}.Debug|Any CPU.Deploy.0 = Debug|iPhoneSimulator
		{9487705F-6D51-4D58-9416-73F4CFC775B2}.Debug|iPhone.ActiveCfg = Debug|iPhone
		{9487705F-6D51-4D58-9416-73F4CFC775B2}.Debug|iPhone.Build.0 = Debug|iPhone
		{9487705F-6D51-4D58-9416-73F4CFC775B2}.Debug|iPhone.Deploy.0 = Debug|iPhone
		{9487705F-6D51-4D58-9416-73F4CFC775B2}.Debug|iPhoneSimulator.ActiveCfg = Debug|iPhoneSimulator
		{9487705F-6D51-4D58-9416-73F4CFC775B2}.Debug|iPhoneSimulator.Build.0 = Debug|iPhoneSimulator
		{9487705F-6D51-4D58-9416-73F4CFC775B2}.Debug|iPhoneSimulator.Deploy.0 = Debug|iPhoneSimulator
		{9487705F-6D51-4D58-9416-73F4CFC775B2}.Release|Any CPU.ActiveCfg = Release|iPhone
		{9487705F-6D51-4D58-9416-73F4CFC775B2}.Release|Any CPU.Build.0 = Release|iPhone
		{9487705F-6D51-4D58-9416-73F4CFC775B2}.Release|Any CPU.Deploy.0 = Release|iPhone
		{9487705F-6D51-4D58-9416-73F4CFC775B2}.Release|iPhone.ActiveCfg = Release|iPhone
		{9487705F-6D51-4D58-9416-73F4CFC775B2}.Release|iPhone.Build.0 = Release|iPhone
		{9487705F-6D51-4D58-9416-73F4CFC775B2}.Release|iPhone.Deploy.0 = Release|iPhone
		{9487705F-6D51-4D58-9416-73F4CFC775B2}.Release|iPhoneSimulator.ActiveCfg = Release|iPhoneSimulator
		{9487705F-6D51-4D58-9416-73F4CFC775B2}.Release|iPhoneSimulator.Build.0 = Release|iPhoneSimulator
		{9487705F-6D51-4D58-9416-73F4CFC775B2}.Release|iPhoneSimulator.Deploy.0 = Release|iPhoneSimulator
		{67387E40-8750-4E81-95E9-9E93292754EB}.Debug|Any CPU.ActiveCfg = Debug|Any CPU
		{67387E40-8750-4E81-95E9-9E93292754EB}.Debug|Any CPU.Build.0 = Debug|Any CPU
		{67387E40-8750-4E81-95E9-9E93292754EB}.Debug|Any CPU.Deploy.0 = Debug|Any CPU
		{67387E40-8750-4E81-95E9-9E93292754EB}.Debug|iPhone.ActiveCfg = Debug|Any CPU
		{67387E40-8750-4E81-95E9-9E93292754EB}.Debug|iPhone.Build.0 = Debug|Any CPU
		{67387E40-8750-4E81-95E9-9E93292754EB}.Debug|iPhone.Deploy.0 = Debug|Any CPU
		{67387E40-8750-4E81-95E9-9E93292754EB}.Debug|iPhoneSimulator.ActiveCfg = Debug|Any CPU
		{67387E40-8750-4E81-95E9-9E93292754EB}.Debug|iPhoneSimulator.Build.0 = Debug|Any CPU
		{67387E40-8750-4E81-95E9-9E93292754EB}.Debug|iPhoneSimulator.Deploy.0 = Debug|Any CPU
		{67387E40-8750-4E81-95E9-9E93292754EB}.Release|Any CPU.ActiveCfg = Release|Any CPU
		{67387E40-8750-4E81-95E9-9E93292754EB}.Release|Any CPU.Build.0 = Release|Any CPU
		{67387E40-8750-4E81-95E9-9E93292754EB}.Release|Any CPU.Deploy.0 = Release|Any CPU
		{67387E40-8750-4E81-95E9-9E93292754EB}.Release|iPhone.ActiveCfg = Release|Any CPU
		{67387E40-8750-4E81-95E9-9E93292754EB}.Release|iPhone.Build.0 = Release|Any CPU
		{67387E40-8750-4E81-95E9-9E93292754EB}.Release|iPhone.Deploy.0 = Release|Any CPU
		{67387E40-8750-4E81-95E9-9E93292754EB}.Release|iPhoneSimulator.ActiveCfg = Release|Any CPU
		{67387E40-8750-4E81-95E9-9E93292754EB}.Release|iPhoneSimulator.Build.0 = Release|Any CPU
		{67387E40-8750-4E81-95E9-9E93292754EB}.Release|iPhoneSimulator.Deploy.0 = Release|Any CPU
		{7E11D293-830E-4AED-AA09-3696887CFE93}.Debug|Any CPU.ActiveCfg = Debug|Any CPU
		{7E11D293-830E-4AED-AA09-3696887CFE93}.Debug|Any CPU.Build.0 = Debug|Any CPU
		{7E11D293-830E-4AED-AA09-3696887CFE93}.Debug|iPhone.ActiveCfg = Debug|Any CPU
		{7E11D293-830E-4AED-AA09-3696887CFE93}.Debug|iPhone.Build.0 = Debug|Any CPU
		{7E11D293-830E-4AED-AA09-3696887CFE93}.Debug|iPhoneSimulator.ActiveCfg = Debug|Any CPU
		{7E11D293-830E-4AED-AA09-3696887CFE93}.Debug|iPhoneSimulator.Build.0 = Debug|Any CPU
		{7E11D293-830E-4AED-AA09-3696887CFE93}.Release|Any CPU.ActiveCfg = Release|Any CPU
		{7E11D293-830E-4AED-AA09-3696887CFE93}.Release|Any CPU.Build.0 = Release|Any CPU
		{7E11D293-830E-4AED-AA09-3696887CFE93}.Release|iPhone.ActiveCfg = Release|Any CPU
		{7E11D293-830E-4AED-AA09-3696887CFE93}.Release|iPhone.Build.0 = Release|Any CPU
		{7E11D293-830E-4AED-AA09-3696887CFE93}.Release|iPhoneSimulator.ActiveCfg = Release|Any CPU
		{7E11D293-830E-4AED-AA09-3696887CFE93}.Release|iPhoneSimulator.Build.0 = Release|Any CPU
		{706487AC-99C0-4B15-B6DC-2FF94FEAA4FE}.Debug|Any CPU.ActiveCfg = Debug|Any CPU
		{706487AC-99C0-4B15-B6DC-2FF94FEAA4FE}.Debug|Any CPU.Build.0 = Debug|Any CPU
		{706487AC-99C0-4B15-B6DC-2FF94FEAA4FE}.Debug|iPhone.ActiveCfg = Debug|Any CPU
		{706487AC-99C0-4B15-B6DC-2FF94FEAA4FE}.Debug|iPhone.Build.0 = Debug|Any CPU
		{706487AC-99C0-4B15-B6DC-2FF94FEAA4FE}.Debug|iPhoneSimulator.ActiveCfg = Debug|Any CPU
		{706487AC-99C0-4B15-B6DC-2FF94FEAA4FE}.Debug|iPhoneSimulator.Build.0 = Debug|Any CPU
		{706487AC-99C0-4B15-B6DC-2FF94FEAA4FE}.Release|Any CPU.ActiveCfg = Release|Any CPU
		{706487AC-99C0-4B15-B6DC-2FF94FEAA4FE}.Release|Any CPU.Build.0 = Release|Any CPU
		{706487AC-99C0-4B15-B6DC-2FF94FEAA4FE}.Release|iPhone.ActiveCfg = Release|Any CPU
		{706487AC-99C0-4B15-B6DC-2FF94FEAA4FE}.Release|iPhone.Build.0 = Release|Any CPU
		{706487AC-99C0-4B15-B6DC-2FF94FEAA4FE}.Release|iPhoneSimulator.ActiveCfg = Release|Any CPU
		{706487AC-99C0-4B15-B6DC-2FF94FEAA4FE}.Release|iPhoneSimulator.Build.0 = Release|Any CPU
		{D18C6DA1-9C22-4C73-9D61-35C00D1088DC}.Debug|Any CPU.ActiveCfg = Debug|Any CPU
		{D18C6DA1-9C22-4C73-9D61-35C00D1088DC}.Debug|Any CPU.Build.0 = Debug|Any CPU
		{D18C6DA1-9C22-4C73-9D61-35C00D1088DC}.Debug|iPhone.ActiveCfg = Debug|Any CPU
		{D18C6DA1-9C22-4C73-9D61-35C00D1088DC}.Debug|iPhone.Build.0 = Debug|Any CPU
		{D18C6DA1-9C22-4C73-9D61-35C00D1088DC}.Debug|iPhoneSimulator.ActiveCfg = Debug|Any CPU
		{D18C6DA1-9C22-4C73-9D61-35C00D1088DC}.Debug|iPhoneSimulator.Build.0 = Debug|Any CPU
		{D18C6DA1-9C22-4C73-9D61-35C00D1088DC}.Release|Any CPU.ActiveCfg = Release|Any CPU
		{D18C6DA1-9C22-4C73-9D61-35C00D1088DC}.Release|Any CPU.Build.0 = Release|Any CPU
		{D18C6DA1-9C22-4C73-9D61-35C00D1088DC}.Release|iPhone.ActiveCfg = Release|Any CPU
		{D18C6DA1-9C22-4C73-9D61-35C00D1088DC}.Release|iPhone.Build.0 = Release|Any CPU
		{D18C6DA1-9C22-4C73-9D61-35C00D1088DC}.Release|iPhoneSimulator.ActiveCfg = Release|Any CPU
		{D18C6DA1-9C22-4C73-9D61-35C00D1088DC}.Release|iPhoneSimulator.Build.0 = Release|Any CPU
		{8036C9E3-71D5-481D-B9A7-89E93CD3E41F}.Debug|Any CPU.ActiveCfg = Debug|Any CPU
		{8036C9E3-71D5-481D-B9A7-89E93CD3E41F}.Debug|Any CPU.Build.0 = Debug|Any CPU
		{8036C9E3-71D5-481D-B9A7-89E93CD3E41F}.Debug|iPhone.ActiveCfg = Debug|Any CPU
		{8036C9E3-71D5-481D-B9A7-89E93CD3E41F}.Debug|iPhone.Build.0 = Debug|Any CPU
		{8036C9E3-71D5-481D-B9A7-89E93CD3E41F}.Debug|iPhoneSimulator.ActiveCfg = Debug|Any CPU
		{8036C9E3-71D5-481D-B9A7-89E93CD3E41F}.Debug|iPhoneSimulator.Build.0 = Debug|Any CPU
		{8036C9E3-71D5-481D-B9A7-89E93CD3E41F}.Release|Any CPU.ActiveCfg = Release|Any CPU
		{8036C9E3-71D5-481D-B9A7-89E93CD3E41F}.Release|Any CPU.Build.0 = Release|Any CPU
		{8036C9E3-71D5-481D-B9A7-89E93CD3E41F}.Release|iPhone.ActiveCfg = Release|Any CPU
		{8036C9E3-71D5-481D-B9A7-89E93CD3E41F}.Release|iPhone.Build.0 = Release|Any CPU
		{8036C9E3-71D5-481D-B9A7-89E93CD3E41F}.Release|iPhoneSimulator.ActiveCfg = Release|Any CPU
		{8036C9E3-71D5-481D-B9A7-89E93CD3E41F}.Release|iPhoneSimulator.Build.0 = Release|Any CPU
	EndGlobalSection
	GlobalSection(SolutionProperties) = preSolution
		HideSolutionNode = FALSE
	EndGlobalSection
	GlobalSection(NestedProjects) = preSolution
		{24CE3C36-16B9-426D-AA0C-5961ECF8D88C} = {06C9508B-B82A-48AE-9BD9-809B4A17FE8D}
		{9487705F-6D51-4D58-9416-73F4CFC775B2} = {06C9508B-B82A-48AE-9BD9-809B4A17FE8D}
		{67387E40-8750-4E81-95E9-9E93292754EB} = {2C5BFF62-64F0-457D-B691-ED6E3D674C9D}
		{7E11D293-830E-4AED-AA09-3696887CFE93} = {D800EE4F-2DBD-4B5F-B8CA-7E04B6E509C8}
		{706487AC-99C0-4B15-B6DC-2FF94FEAA4FE} = {D800EE4F-2DBD-4B5F-B8CA-7E04B6E509C8}
		{D18C6DA1-9C22-4C73-9D61-35C00D1088DC} = {D800EE4F-2DBD-4B5F-B8CA-7E04B6E509C8}
		{8036C9E3-71D5-481D-B9A7-89E93CD3E41F} = {0DBE3FF1-9449-4074-86A3-E68FB4F4607D}
	EndGlobalSection
	GlobalSection(ExtensibilityGlobals) = postSolution
		SolutionGuid = {5BFDBF80-5A88-4AA0-B682-5956EFFDA21C}
	EndGlobalSection
EndGlobal
